{
  "name": "@tolinsimpson/minimajs",
  "version": "1.0.5",
  "lockfileVersion": 3,
  "requires": true,
  "packages": {
    "": {
      "name": "@tolinsimpson/minimajs",
      "version": "1.0.5",
      "license": "MIT",
      "devDependencies": {},
      "engines": {
        "node": ">=14.0.0"
      }
    }
  }
}
